
Microsoft Visual Studio Solution File, Format Version 11.00
# Visual Studio 2010
Project("{FAE04EC0-301F-11D3-BF4B-00C04F79EFBC}") = "sample", "sample\sample.csproj", "{8891B305-68E8-44C2-8DF0-9C68CB0BC0EE}"
EndProject
Global
	GlobalSection(SolutionConfigurationPlatforms) = preSolution
		Debug|iPhoneSimulator = Debug|iPhoneSimulator
		Release|iPhoneSimulator = Release|iPhoneSimulator
		Debug|iPhone = Debug|iPhone
		Release|iPhone = Release|iPhone
		Ad-Hoc|iPhone = Ad-Hoc|iPhone
		AppStore|iPhone = AppStore|iPhone
	EndGlobalSection
	GlobalSection(ProjectConfigurationPlatforms) = postSolution
		{8891B305-68E8-44C2-8DF0-9C68CB0BC0EE}.Ad-Hoc|iPhone.ActiveCfg = Ad-Hoc|iPhone
		{8891B305-68E8-44C2-8DF0-9C68CB0BC0EE}.Ad-Hoc|iPhone.Build.0 = Ad-Hoc|iPhone
		{8891B305-68E8-44C2-8DF0-9C68CB0BC0EE}.AppStore|iPhone.ActiveCfg = AppStore|iPhone
		{8891B305-68E8-44C2-8DF0-9C68CB0BC0EE}.AppStore|iPhone.Build.0 = AppStore|iPhone
		{8891B305-68E8-44C2-8DF0-9C68CB0BC0EE}.Debug|iPhone.ActiveCfg = Debug|iPhone
		{8891B305-68E8-44C2-8DF0-9C68CB0BC0EE}.Debug|iPhone.Build.0 = Debug|iPhone
		{8891B305-68E8-44C2-8DF0-9C68CB0BC0EE}.Debug|iPhoneSimulator.ActiveCfg = Debug|iPhoneSimulator
		{8891B305-68E8-44C2-8DF0-9C68CB0BC0EE}.Debug|iPhoneSimulator.Build.0 = Debug|iPhoneSimulator
		{8891B305-68E8-44C2-8DF0-9C68CB0BC0EE}.Release|iPhone.ActiveCfg = Release|iPhone
		{8891B305-68E8-44C2-8DF0-9C68CB0BC0EE}.Release|iPhone.Build.0 = Release|iPhone
		{8891B305-68E8-44C2-8DF0-9C68CB0BC0EE}.Release|iPhoneSimulator.ActiveCfg = Release|iPhoneSimulator
		{8891B305-68E8-44C2-8DF0-9C68CB0BC0EE}.Release|iPhoneSimulator.Build.0 = Release|iPhoneSimulator
	EndGlobalSection
	GlobalSection(MonoDevelopProperties) = preSolution
		StartupItem = sample\sample.csproj
	EndGlobalSection
EndGlobal
