
Microsoft Visual Studio Solution File, Format Version 11.00
# Visual Studio 2010
Project("{FAE04EC0-301F-11D3-BF4B-00C04F79EFBC}") = "MadsSDK", "MadsSDK\MadsSDK.csproj", "{45D09E55-79C7-4EE0-B73D-A2A9E412768A}"
EndProject
Global
	GlobalSection(SolutionConfigurationPlatforms) = preSolution
		Debug|Any CPU = Debug|Any CPU
		Release|Any CPU = Release|Any CPU
	EndGlobalSection
	GlobalSection(ProjectConfigurationPlatforms) = postSolution
		{45D09E55-79C7-4EE0-B73D-A2A9E412768A}.Debug|Any CPU.ActiveCfg = Debug|Any CPU
		{45D09E55-79C7-4EE0-B73D-A2A9E412768A}.Debug|Any CPU.Build.0 = Debug|Any CPU
		{45D09E55-79C7-4EE0-B73D-A2A9E412768A}.Release|Any CPU.ActiveCfg = Release|Any CPU
		{45D09E55-79C7-4EE0-B73D-A2A9E412768A}.Release|Any CPU.Build.0 = Release|Any CPU
	EndGlobalSection
	GlobalSection(MonoDevelopProperties) = preSolution
		StartupItem = MadsSDK\MadsSDK.csproj
	EndGlobalSection
EndGlobal
